
Microsoft Visual Studio Solution File, Format Version 12.00
# Visual Studio Version 17
VisualStudioVersion = 17.9.34723.18
MinimumVisualStudioVersion = 10.0.40219.1
Project("{FAE04EC0-301F-11D3-BF4B-00C04F79EFBC}") = "Pr_4", "Pr_4\Pr_4.csproj", "{E9648F86-1D60-4330-B081-1FDACFF66FF2}"
EndProject
Global
	GlobalSection(SolutionConfigurationPlatforms) = preSolution
		Debug|Any CPU = Debug|Any CPU
		Release|Any CPU = Release|Any CPU
	EndGlobalSection
	GlobalSection(ProjectConfigurationPlatforms) = postSolution
		{E9648F86-1D60-4330-B081-1FDACFF66FF2}.Debug|Any CPU.ActiveCfg = Debug|Any CPU
		{E9648F86-1D60-4330-B081-1FDACFF66FF2}.Debug|Any CPU.Build.0 = Debug|Any CPU
		{E9648F86-1D60-4330-B081-1FDACFF66FF2}.Release|Any CPU.ActiveCfg = Release|Any CPU
		{E9648F86-1D60-4330-B081-1FDACFF66FF2}.Release|Any CPU.Build.0 = Release|Any CPU
	EndGlobalSection
	GlobalSection(SolutionProperties) = preSolution
		HideSolutionNode = FALSE
	EndGlobalSection
	GlobalSection(ExtensibilityGlobals) = postSolution
		SolutionGuid = {8FE79183-0B07-4917-9CCF-4CC666E19767}
	EndGlobalSection
EndGlobal
