
Microsoft Visual Studio Solution File, Format Version 12.00
# Visual Studio Version 17
VisualStudioVersion = 17.7.34221.43
MinimumVisualStudioVersion = 10.0.40219.1
Project("{FAE04EC0-301F-11D3-BF4B-00C04F79EFBC}") = "Task 4", "Task 4\Task 4.csproj", "{8F7A5730-D110-42E3-9A69-114384B9131F}"
EndProject
Global
	GlobalSection(SolutionConfigurationPlatforms) = preSolution
		Debug|Any CPU = Debug|Any CPU
		Release|Any CPU = Release|Any CPU
	EndGlobalSection
	GlobalSection(ProjectConfigurationPlatforms) = postSolution
		{8F7A5730-D110-42E3-9A69-114384B9131F}.Debug|Any CPU.ActiveCfg = Debug|Any CPU
		{8F7A5730-D110-42E3-9A69-114384B9131F}.Debug|Any CPU.Build.0 = Debug|Any CPU
		{8F7A5730-D110-42E3-9A69-114384B9131F}.Release|Any CPU.ActiveCfg = Release|Any CPU
		{8F7A5730-D110-42E3-9A69-114384B9131F}.Release|Any CPU.Build.0 = Release|Any CPU
	EndGlobalSection
	GlobalSection(SolutionProperties) = preSolution
		HideSolutionNode = FALSE
	EndGlobalSection
	GlobalSection(ExtensibilityGlobals) = postSolution
		SolutionGuid = {877779E1-6B77-4509-8314-95C9FE444D9E}
	EndGlobalSection
EndGlobal
