
Microsoft Visual Studio Solution File, Format Version 12.00
# Visual Studio Version 17
VisualStudioVersion = 17.7.34221.43
MinimumVisualStudioVersion = 10.0.40219.1
Project("{FAE04EC0-301F-11D3-BF4B-00C04F79EFBC}") = "Task 1", "Task 1\Task 1.csproj", "{BB074DBB-C9AE-4EE3-97A0-3B1A3EEF95EB}"
EndProject
Global
	GlobalSection(SolutionConfigurationPlatforms) = preSolution
		Debug|Any CPU = Debug|Any CPU
		Release|Any CPU = Release|Any CPU
	EndGlobalSection
	GlobalSection(ProjectConfigurationPlatforms) = postSolution
		{BB074DBB-C9AE-4EE3-97A0-3B1A3EEF95EB}.Debug|Any CPU.ActiveCfg = Debug|Any CPU
		{BB074DBB-C9AE-4EE3-97A0-3B1A3EEF95EB}.Debug|Any CPU.Build.0 = Debug|Any CPU
		{BB074DBB-C9AE-4EE3-97A0-3B1A3EEF95EB}.Release|Any CPU.ActiveCfg = Release|Any CPU
		{BB074DBB-C9AE-4EE3-97A0-3B1A3EEF95EB}.Release|Any CPU.Build.0 = Release|Any CPU
	EndGlobalSection
	GlobalSection(SolutionProperties) = preSolution
		HideSolutionNode = FALSE
	EndGlobalSection
	GlobalSection(ExtensibilityGlobals) = postSolution
		SolutionGuid = {8783CB5F-A129-4AF0-AD03-905F2D2DAD07}
	EndGlobalSection
EndGlobal
